// !$*UTF8*$!
{
	archiveVersion = 1;
	classes = {
	};
	objectVersion = 46;
	objects = {

/* Begin PBXBuildFile section */
		49E150451D07451500D9E7DB /* AppDelegate.swift in Sources */ = {isa = PBXBuildFile; fileRef = 49E150441D07451500D9E7DB /* AppDelegate.swift */; };
		49E1504A1D07451500D9E7DB /* Main.storyboard in Resources */ = {isa = PBXBuildFile; fileRef = 49E150481D07451500D9E7DB /* Main.storyboard */; };
		49E1504C1D07451600D9E7DB /* Assets.xcassets in Resources */ = {isa = PBXBuildFile; fileRef = 49E1504B1D07451600D9E7DB /* Assets.xcassets */; };
		49E1504F1D07451600D9E7DB /* LaunchScreen.storyboard in Resources */ = {isa = PBXBuildFile; fileRef = 49E1504D1D07451600D9E7DB /* LaunchScreen.storyboard */; };
		49E150571D07453900D9E7DB /* PhotoListViewController.swift in Sources */ = {isa = PBXBuildFile; fileRef = 49E150561D07453900D9E7DB /* PhotoListViewController.swift */; };
		49E150591D07464600D9E7DB /* Configuration.swift in Sources */ = {isa = PBXBuildFile; fileRef = 49E150581D07464600D9E7DB /* Configuration.swift */; };
		49E1505D1D074AE300D9E7DB /* Extensions.swift in Sources */ = {isa = PBXBuildFile; fileRef = 49E1505C1D074AE300D9E7DB /* Extensions.swift */; };
		49E1505F1D076D4400D9E7DB /* PhotoCell.swift in Sources */ = {isa = PBXBuildFile; fileRef = 49E1505E1D076D4400D9E7DB /* PhotoCell.swift */; };
		49E150621D0771F200D9E7DB /* PhotoDetailViewController.swift in Sources */ = {isa = PBXBuildFile; fileRef = 49E150611D0771F200D9E7DB /* PhotoDetailViewController.swift */; };
		49E150641D07EEC700D9E7DB /* PhotoTransitionController.swift in Sources */ = {isa = PBXBuildFile; fileRef = 49E150631D07EEC700D9E7DB /* PhotoTransitionController.swift */; };
		7F2640233EDA029DC74E23D6 /* Pods_Slickr.framework in Frameworks */ = {isa = PBXBuildFile; fileRef = 547610D3FB1AACE11CE59099 /* Pods_Slickr.framework */; };
/* End PBXBuildFile section */

/* Begin PBXFileReference section */
		49E150411D07451500D9E7DB /* Slickr.app */ = {isa = PBXFileReference; explicitFileType = wrapper.application; includeInIndex = 0; path = Slickr.app; sourceTree = BUILT_PRODUCTS_DIR; };
		49E150441D07451500D9E7DB /* AppDelegate.swift */ = {isa = PBXFileReference; lastKnownFileType = sourcecode.swift; path = AppDelegate.swift; sourceTree = "<group>"; };
		49E150491D07451500D9E7DB /* Base */ = {isa = PBXFileReference; lastKnownFileType = file.storyboard; name = Base; path = Base.lproj/Main.storyboard; sourceTree = "<group>"; };
		49E1504B1D07451600D9E7DB /* Assets.xcassets */ = {isa = PBXFileReference; lastKnownFileType = folder.assetcatalog; path = Assets.xcassets; sourceTree = "<group>"; };
		49E1504E1D07451600D9E7DB /* Base */ = {isa = PBXFileReference; lastKnownFileType = file.storyboard; name = Base; path = Base.lproj/LaunchScreen.storyboard; sourceTree = "<group>"; };
		49E150501D07451600D9E7DB /* Info.plist */ = {isa = PBXFileReference; lastKnownFileType = text.plist.xml; path = Info.plist; sourceTree = "<group>"; };
		49E150561D07453900D9E7DB /* PhotoListViewController.swift */ = {isa = PBXFileReference; fileEncoding = 4; lastKnownFileType = sourcecode.swift; path = PhotoListViewController.swift; sourceTree = "<group>"; };
		49E150581D07464600D9E7DB /* Configuration.swift */ = {isa = PBXFileReference; fileEncoding = 4; lastKnownFileType = sourcecode.swift; path = Configuration.swift; sourceTree = "<group>"; };
		49E1505C1D074AE300D9E7DB /* Extensions.swift */ = {isa = PBXFileReference; fileEncoding = 4; lastKnownFileType = sourcecode.swift; path = Extensions.swift; sourceTree = "<group>"; };
		49E1505E1D076D4400D9E7DB /* PhotoCell.swift */ = {isa = PBXFileReference; fileEncoding = 4; lastKnownFileType = sourcecode.swift; path = PhotoCell.swift; sourceTree = "<group>"; };
		49E150611D0771F200D9E7DB /* PhotoDetailViewController.swift */ = {isa = PBXFileReference; fileEncoding = 4; lastKnownFileType = sourcecode.swift; path = PhotoDetailViewController.swift; sourceTree = "<group>"; };
		49E150631D07EEC700D9E7DB /* PhotoTransitionController.swift */ = {isa = PBXFileReference; fileEncoding = 4; lastKnownFileType = sourcecode.swift; path = PhotoTransitionController.swift; sourceTree = "<group>"; };
		547610D3FB1AACE11CE59099 /* Pods_Slickr.framework */ = {isa = PBXFileReference; explicitFileType = wrapper.framework; includeInIndex = 0; path = Pods_Slickr.framework; sourceTree = BUILT_PRODUCTS_DIR; };
		6E37B72B11A178438FC4DE7D /* Pods-Slickr.release.xcconfig */ = {isa = PBXFileReference; includeInIndex = 1; lastKnownFileType = text.xcconfig; name = "Pods-Slickr.release.xcconfig"; path = "Pods/Target Support Files/Pods-Slickr/Pods-Slickr.release.xcconfig"; sourceTree = "<group>"; };
		9AC9273867CB9E75A2132FEE /* Pods-Slickr.debug.xcconfig */ = {isa = PBXFileReference; includeInIndex = 1; lastKnownFileType = text.xcconfig; name = "Pods-Slickr.debug.xcconfig"; path = "Pods/Target Support Files/Pods-Slickr/Pods-Slickr.debug.xcconfig"; sourceTree = "<group>"; };
/* End PBXFileReference section */

/* Begin PBXFrameworksBuildPhase section */
		49E1503E1D07451500D9E7DB /* Frameworks */ = {
			isa = PBXFrameworksBuildPhase;
			buildActionMask = 2147483647;
			files = (
				7F2640233EDA029DC74E23D6 /* Pods_Slickr.framework in Frameworks */,
			);
			runOnlyForDeploymentPostprocessing = 0;
		};
/* End PBXFrameworksBuildPhase section */

/* Begin PBXGroup section */
		49E150381D07451500D9E7DB = {
			isa = PBXGroup;
			children = (
				49E150431D07451500D9E7DB /* Slickr */,
				49E150421D07451500D9E7DB /* Products */,
				5EF083EF0EB0596785503D31 /* Pods */,
				59F2BAB7D99E70267C38A1FB /* Frameworks */,
			);
			sourceTree = "<group>";
		};
		49E150421D07451500D9E7DB /* Products */ = {
			isa = PBXGroup;
			children = (
				49E150411D07451500D9E7DB /* Slickr.app */,
			);
			name = Products;
			sourceTree = "<group>";
		};
		49E150431D07451500D9E7DB /* Slickr */ = {
			isa = PBXGroup;
			children = (
				49E150581D07464600D9E7DB /* Configuration.swift */,
				49E150441D07451500D9E7DB /* AppDelegate.swift */,
				49E1505A1D074AB400D9E7DB /* Controllers */,
				49E150601D0771C700D9E7DB /* Views */,
				49E1505B1D074ACE00D9E7DB /* Helpers */,
				49E150481D07451500D9E7DB /* Main.storyboard */,
				49E1504B1D07451600D9E7DB /* Assets.xcassets */,
				49E1504D1D07451600D9E7DB /* LaunchScreen.storyboard */,
				49E150501D07451600D9E7DB /* Info.plist */,
			);
			path = Slickr;
			sourceTree = "<group>";
		};
		49E1505A1D074AB400D9E7DB /* Controllers */ = {
			isa = PBXGroup;
			children = (
				49E150561D07453900D9E7DB /* PhotoListViewController.swift */,
				49E150611D0771F200D9E7DB /* PhotoDetailViewController.swift */,
				49E150631D07EEC700D9E7DB /* PhotoTransitionController.swift */,
			);
			name = Controllers;
			sourceTree = "<group>";
		};
		49E1505B1D074ACE00D9E7DB /* Helpers */ = {
			isa = PBXGroup;
			children = (
				49E1505C1D074AE300D9E7DB /* Extensions.swift */,
			);
			name = Helpers;
			sourceTree = "<group>";
		};
		49E150601D0771C700D9E7DB /* Views */ = {
			isa = PBXGroup;
			children = (
				49E1505E1D076D4400D9E7DB /* PhotoCell.swift */,
			);
			name = Views;
			sourceTree = "<group>";
		};
		59F2BAB7D99E70267C38A1FB /* Frameworks */ = {
			isa = PBXGroup;
			children = (
				547610D3FB1AACE11CE59099 /* Pods_Slickr.framework */,
			);
			name = Frameworks;
			sourceTree = "<group>";
		};
		5EF083EF0EB0596785503D31 /* Pods */ = {
			isa = PBXGroup;
			children = (
				9AC9273867CB9E75A2132FEE /* Pods-Slickr.debug.xcconfig */,
				6E37B72B11A178438FC4DE7D /* Pods-Slickr.release.xcconfig */,
			);
			name = Pods;
			sourceTree = "<group>";
		};
/* End PBXGroup section */

/* Begin PBXNativeTarget section */
		49E150401D07451500D9E7DB /* Slickr */ = {
			isa = PBXNativeTarget;
			buildConfigurationList = 49E150531D07451600D9E7DB /* Build configuration list for PBXNativeTarget "Slickr" */;
			buildPhases = (
				C564028669BB3D9029E0CF09 /* [CP] Check Pods Manifest.lock */,
				49E1503D1D07451500D9E7DB /* Sources */,
				49E1503E1D07451500D9E7DB /* Frameworks */,
				49E1503F1D07451500D9E7DB /* Resources */,
				2DE5D11CF9080261E58AC21B /* [CP] Embed Pods Frameworks */,
				ED7D0AD549C7A90920DF66BE /* [CP] Copy Pods Resources */,
			);
			buildRules = (
			);
			dependencies = (
			);
			name = Slickr;
			productName = Slickr;
			productReference = 49E150411D07451500D9E7DB /* Slickr.app */;
			productType = "com.apple.product-type.application";
		};
/* End PBXNativeTarget section */

/* Begin PBXProject section */
		49E150391D07451500D9E7DB /* Project object */ = {
			isa = PBXProject;
			attributes = {
				LastSwiftUpdateCheck = 0730;
				LastUpgradeCheck = 0730;
				ORGANIZATIONNAME = WebComrades;
				TargetAttributes = {
					49E150401D07451500D9E7DB = {
						CreatedOnToolsVersion = 7.3.1;
					};
				};
			};
			buildConfigurationList = 49E1503C1D07451500D9E7DB /* Build configuration list for PBXProject "Slickr" */;
			compatibilityVersion = "Xcode 3.2";
			developmentRegion = English;
			hasScannedForEncodings = 0;
			knownRegions = (
				en,
				Base,
			);
			mainGroup = 49E150381D07451500D9E7DB;
			productRefGroup = 49E150421D07451500D9E7DB /* Products */;
			projectDirPath = "";
			projectRoot = "";
			targets = (
				49E150401D07451500D9E7DB /* Slickr */,
			);
		};
/* End PBXProject section */

/* Begin PBXResourcesBuildPhase section */
		49E1503F1D07451500D9E7DB /* Resources */ = {
			isa = PBXResourcesBuildPhase;
			buildActionMask = 2147483647;
			files = (
				49E1504F1D07451600D9E7DB /* LaunchScreen.storyboard in Resources */,
				49E1504C1D07451600D9E7DB /* Assets.xcassets in Resources */,
				49E1504A1D07451500D9E7DB /* Main.storyboard in Resources */,
			);
			runOnlyForDeploymentPostprocessing = 0;
		};
/* End PBXResourcesBuildPhase section */

/* Begin PBXShellScriptBuildPhase section */
		2DE5D11CF9080261E58AC21B /* [CP] Embed Pods Frameworks */ = {
			isa = PBXShellScriptBuildPhase;
			buildActionMask = 2147483647;
			files = (
			);
			inputPaths = (
			);
			name = "[CP] Embed Pods Frameworks";
			outputPaths = (
			);
			runOnlyForDeploymentPostprocessing = 0;
			shellPath = /bin/sh;
			shellScript = "\"${SRCROOT}/Pods/Target Support Files/Pods-Slickr/Pods-Slickr-frameworks.sh\"\n";
			showEnvVarsInLog = 0;
		};
		C564028669BB3D9029E0CF09 /* [CP] Check Pods Manifest.lock */ = {
			isa = PBXShellScriptBuildPhase;
			buildActionMask = 2147483647;
			files = (
			);
			inputPaths = (
			);
			name = "[CP] Check Pods Manifest.lock";
			outputPaths = (
			);
			runOnlyForDeploymentPostprocessing = 0;
			shellPath = /bin/sh;
			shellScript = "diff \"${PODS_ROOT}/../Podfile.lock\" \"${PODS_ROOT}/Manifest.lock\" > /dev/null\nif [[ $? != 0 ]] ; then\n    cat << EOM\nerror: The sandbox is not in sync with the Podfile.lock. Run 'pod install' or update your CocoaPods installation.\nEOM\n    exit 1\nfi\n";
			showEnvVarsInLog = 0;
		};
		ED7D0AD549C7A90920DF66BE /* [CP] Copy Pods Resources */ = {
			isa = PBXShellScriptBuildPhase;
			buildActionMask = 2147483647;
			files = (
			);
			inputPaths = (
			);
			name = "[CP] Copy Pods Resources";
			outputPaths = (
			);
			runOnlyForDeploymentPostprocessing = 0;
			shellPath = /bin/sh;
			shellScript = "\"${SRCROOT}/Pods/Target Support Files/Pods-Slickr/Pods-Slickr-resources.sh\"\n";
			showEnvVarsInLog = 0;
		};
/* End PBXShellScriptBuildPhase section */

/* Begin PBXSourcesBuildPhase section */
		49E1503D1D07451500D9E7DB /* Sources */ = {
			isa = PBXSourcesBuildPhase;
			buildActionMask = 2147483647;
			files = (
				49E150621D0771F200D9E7DB /* PhotoDetailViewController.swift in Sources */,
				49E150591D07464600D9E7DB /* Configuration.swift in Sources */,
				49E1505F1D076D4400D9E7DB /* PhotoCell.swift in Sources */,
				49E150641D07EEC700D9E7DB /* PhotoTransitionController.swift in Sources */,
				49E1505D1D074AE300D9E7DB /* Extensions.swift in Sources */,
				49E150451D07451500D9E7DB /* AppDelegate.swift in Sources */,
				49E150571D07453900D9E7DB /* PhotoListViewController.swift in Sources */,
			);
			runOnlyForDeploymentPostprocessing = 0;
		};
/* End PBXSourcesBuildPhase section */

/* Begin PBXVariantGroup section */
		49E150481D07451500D9E7DB /* Main.storyboard */ = {
			isa = PBXVariantGroup;
			children = (
				49E150491D07451500D9E7DB /* Base */,
			);
			name = Main.storyboard;
			sourceTree = "<group>";
		};
		49E1504D1D07451600D9E7DB /* LaunchScreen.storyboard */ = {
			isa = PBXVariantGroup;
			children = (
				49E1504E1D07451600D9E7DB /* Base */,
			);
			name = LaunchScreen.storyboard;
			sourceTree = "<group>";
		};
/* End PBXVariantGroup section */

/* Begin XCBuildConfiguration section */
		49E150511D07451600D9E7DB /* Debug */ = {
			isa = XCBuildConfiguration;
			buildSettings = {
				ALWAYS_SEARCH_USER_PATHS = NO;
				CLANG_ANALYZER_NONNULL = YES;
				CLANG_CXX_LANGUAGE_STANDARD = "gnu++0x";
				CLANG_CXX_LIBRARY = "libc++";
				CLANG_ENABLE_MODULES = YES;
				CLANG_ENABLE_OBJC_ARC = YES;
				CLANG_WARN_BOOL_CONVERSION = YES;
				CLANG_WARN_CONSTANT_CONVERSION = YES;
				CLANG_WARN_DIRECT_OBJC_ISA_USAGE = YES_ERROR;
				CLANG_WARN_EMPTY_BODY = YES;
				CLANG_WARN_ENUM_CONVERSION = YES;
				CLANG_WARN_INT_CONVERSION = YES;
				CLANG_WARN_OBJC_ROOT_CLASS = YES_ERROR;
				CLANG_WARN_UNREACHABLE_CODE = YES;
				CLANG_WARN__DUPLICATE_METHOD_MATCH = YES;
				"CODE_SIGN_IDENTITY[sdk=iphoneos*]" = "iPhone Developer";
				COPY_PHASE_STRIP = NO;
				DEBUG_INFORMATION_FORMAT = dwarf;
				ENABLE_STRICT_OBJC_MSGSEND = YES;
				ENABLE_TESTABILITY = YES;
				GCC_C_LANGUAGE_STANDARD = gnu99;
				GCC_DYNAMIC_NO_PIC = NO;
				GCC_NO_COMMON_BLOCKS = YES;
				GCC_OPTIMIZATION_LEVEL = 0;
				GCC_PREPROCESSOR_DEFINITIONS = (
					"DEBUG=1",
					"$(inherited)",
				);
				GCC_WARN_64_TO_32_BIT_CONVERSION = YES;
				GCC_WARN_ABOUT_RETURN_TYPE = YES_ERROR;
				GCC_WARN_UNDECLARED_SELECTOR = YES;
				GCC_WARN_UNINITIALIZED_AUTOS = YES_AGGRESSIVE;
				GCC_WARN_UNUSED_FUNCTION = YES;
				GCC_WARN_UNUSED_VARIABLE = YES;
				IPHONEOS_DEPLOYMENT_TARGET = 9.3;
				MTL_ENABLE_DEBUG_INFO = YES;
				ONLY_ACTIVE_ARCH = YES;
				SDKROOT = iphoneos;
				SWIFT_OPTIMIZATION_LEVEL = "-Onone";
			};
			name = Debug;
		};
		49E150521D07451600D9E7DB /* Release */ = {
			isa = XCBuildConfiguration;
			buildSettings = {
				ALWAYS_SEARCH_USER_PATHS = NO;
				CLANG_ANALYZER_NONNULL = YES;
				CLANG_CXX_LANGUAGE_STANDARD = "gnu++0x";
				CLANG_CXX_LIBRARY = "libc++";
				CLANG_ENABLE_MODULES = YES;
				CLANG_ENABLE_OBJC_ARC = YES;
				CLANG_WARN_BOOL_CONVERSION = YES;
				CLANG_WARN_CONSTANT_CONVERSION = YES;
				CLANG_WARN_DIRECT_OBJC_ISA_USAGE = YES_ERROR;
				CLANG_WARN_EMPTY_BODY = YES;
				CLANG_WARN_ENUM_CONVERSION = YES;
				CLANG_WARN_INT_CONVERSION = YES;
				CLANG_WARN_OBJC_ROOT_CLASS = YES_ERROR;
				CLANG_WARN_UNREACHABLE_CODE = YES;
				CLANG_WARN__DUPLICATE_METHOD_MATCH = YES;
				"CODE_SIGN_IDENTITY[sdk=iphoneos*]" = "iPhone Developer";
				COPY_PHASE_STRIP = NO;
				DEBUG_INFORMATION_FORMAT = "dwarf-with-dsym";
				ENABLE_NS_ASSERTIONS = NO;
				ENABLE_STRICT_OBJC_MSGSEND = YES;
				GCC_C_LANGUAGE_STANDARD = gnu99;
				GCC_NO_COMMON_BLOCKS = YES;
				GCC_WARN_64_TO_32_BIT_CONVERSION = YES;
				GCC_WARN_ABOUT_RETURN_TYPE = YES_ERROR;
				GCC_WARN_UNDECLARED_SELECTOR = YES;
				GCC_WARN_UNINITIALIZED_AUTOS = YES_AGGRESSIVE;
				GCC_WARN_UNUSED_FUNCTION = YES;
				GCC_WARN_UNUSED_VARIABLE = YES;
				IPHONEOS_DEPLOYMENT_TARGET = 9.3;
				MTL_ENABLE_DEBUG_INFO = NO;
				SDKROOT = iphoneos;
				VALIDATE_PRODUCT = YES;
			};
			name = Release;
		};
		49E150541D07451600D9E7DB /* Debug */ = {
			isa = XCBuildConfiguration;
			baseConfigurationReference = 9AC9273867CB9E75A2132FEE /* Pods-Slickr.debug.xcconfig */;
			buildSettings = {
				ASSETCATALOG_COMPILER_APPICON_NAME = AppIcon;
				INFOPLIST_FILE = Slickr/Info.plist;
				LD_RUNPATH_SEARCH_PATHS = "$(inherited) @executable_path/Frameworks";
				PRODUCT_BUNDLE_IDENTIFIER = com.WebComrades.Slickr;
				PRODUCT_NAME = "$(TARGET_NAME)";
			};
			name = Debug;
		};
		49E150551D07451600D9E7DB /* Release */ = {
			isa = XCBuildConfiguration;
			baseConfigurationReference = 6E37B72B11A178438FC4DE7D /* Pods-Slickr.release.xcconfig */;
			buildSettings = {
				ASSETCATALOG_COMPILER_APPICON_NAME = AppIcon;
				INFOPLIST_FILE = Slickr/Info.plist;
				LD_RUNPATH_SEARCH_PATHS = "$(inherited) @executable_path/Frameworks";
				PRODUCT_BUNDLE_IDENTIFIER = com.WebComrades.Slickr;
				PRODUCT_NAME = "$(TARGET_NAME)";
			};
			name = Release;
		};
/* End XCBuildConfiguration section */

/* Begin XCConfigurationList section */
		49E1503C1D07451500D9E7DB /* Build configuration list for PBXProject "Slickr" */ = {
			isa = XCConfigurationList;
			buildConfigurations = (
				49E150511D07451600D9E7DB /* Debug */,
				49E150521D07451600D9E7DB /* Release */,
			);
			defaultConfigurationIsVisible = 0;
			defaultConfigurationName = Release;
		};
		49E150531D07451600D9E7DB /* Build configuration list for PBXNativeTarget "Slickr" */ = {
			isa = XCConfigurationList;
			buildConfigurations = (
				49E150541D07451600D9E7DB /* Debug */,
				49E150551D07451600D9E7DB /* Release */,
			);
			defaultConfigurationIsVisible = 0;
			defaultConfigurationName = Release;
		};
/* End XCConfigurationList section */
	};
	rootObject = 49E150391D07451500D9E7DB /* Project object */;
}
